
Microsoft Visual Studio Solution File, Format Version 12.00
# Visual Studio Version 16
VisualStudioVersion = 16.0.29509.3
MinimumVisualStudioVersion = 10.0.40219.1
Project("{9A19103F-16F7-4668-BE54-9A1E7A4F7556}") = "GotifyDesktop", "GotifyDesktop\GotifyDesktop.csproj", "{3BD504CC-7BAB-4639-A9E9-15EAA9EECD0C}"
EndProject
Project("{9A19103F-16F7-4668-BE54-9A1E7A4F7556}") = "gotifySharp", "..\gotifySharp\gotifySharp\gotifySharp.csproj", "{7808EA86-098F-4F42-BF93-9E7A0F22644D}"
EndProject
Global
	GlobalSection(SolutionConfigurationPlatforms) = preSolution
		Debug|Any CPU = Debug|Any CPU
		Release|Any CPU = Release|Any CPU
	EndGlobalSection
	GlobalSection(ProjectConfigurationPlatforms) = postSolution
		{3BD504CC-7BAB-4639-A9E9-15EAA9EECD0C}.Debug|Any CPU.ActiveCfg = Debug|Any CPU
		{3BD504CC-7BAB-4639-A9E9-15EAA9EECD0C}.Debug|Any CPU.Build.0 = Debug|Any CPU
		{3BD504CC-7BAB-4639-A9E9-15EAA9EECD0C}.Release|Any CPU.ActiveCfg = Release|Any CPU
		{3BD504CC-7BAB-4639-A9E9-15EAA9EECD0C}.Release|Any CPU.Build.0 = Release|Any CPU
		{7808EA86-098F-4F42-BF93-9E7A0F22644D}.Debug|Any CPU.ActiveCfg = Debug|Any CPU
		{7808EA86-098F-4F42-BF93-9E7A0F22644D}.Debug|Any CPU.Build.0 = Debug|Any CPU
		{7808EA86-098F-4F42-BF93-9E7A0F22644D}.Release|Any CPU.ActiveCfg = Release|Any CPU
		{7808EA86-098F-4F42-BF93-9E7A0F22644D}.Release|Any CPU.Build.0 = Release|Any CPU
	EndGlobalSection
	GlobalSection(SolutionProperties) = preSolution
		HideSolutionNode = FALSE
	EndGlobalSection
	GlobalSection(ExtensibilityGlobals) = postSolution
		SolutionGuid = {56CC1E08-0F00-43F3-8861-42AE37CACFA3}
	EndGlobalSection
EndGlobal
