
Microsoft Visual Studio Solution File, Format Version 12.00
# Visual Studio Version 16
VisualStudioVersion = 16.0.29509.3
MinimumVisualStudioVersion = 10.0.40219.1
Project("{9A19103F-16F7-4668-BE54-9A1E7A4F7556}") = "GotifyDesktop", "GotifyDesktop\GotifyDesktop.csproj", "{3BD504CC-7BAB-4639-A9E9-15EAA9EECD0C}"
EndProject
Project("{2150E333-8FDC-42A3-9474-1A3956D46DE8}") = "Solution Items", "Solution Items", "{8B768F97-6B6B-46E0-9447-9DABE61B1253}"
	ProjectSection(SolutionItems) = preProject
		README.md = README.md
	EndProjectSection
EndProject
Project("{9A19103F-16F7-4668-BE54-9A1E7A4F7556}") = "GotifyDesktopUnitTests", "GotifyDesktopUnitTests\GotifyDesktopUnitTests.csproj", "{01BFEF5A-233A-4817-A870-4C498E00C262}"
EndProject
Project("{9A19103F-16F7-4668-BE54-9A1E7A4F7556}") = "gotifySharp", "..\GotifySharp\gotifySharp\gotifySharp.csproj", "{BD7027AB-6D3F-4179-A7E6-75B63869D33C}"
EndProject
Project("{9A19103F-16F7-4668-BE54-9A1E7A4F7556}") = "GotifyDesktopCli", "GotifyDesktopCli\GotifyDesktopCli.csproj", "{5173A621-E905-4868-B53E-41E5ACFB90D0}"
EndProject
Project("{9A19103F-16F7-4668-BE54-9A1E7A4F7556}") = "GotifyDesktop.New", "GotifyDesktop.New\GotifyDesktop.New.csproj", "{CE2C9CE0-0F11-4F69-96E3-2EC6932FDA0E}"
EndProject
Global
	GlobalSection(SolutionConfigurationPlatforms) = preSolution
		Debug|Any CPU = Debug|Any CPU
		Release|Any CPU = Release|Any CPU
	EndGlobalSection
	GlobalSection(ProjectConfigurationPlatforms) = postSolution
		{3BD504CC-7BAB-4639-A9E9-15EAA9EECD0C}.Debug|Any CPU.ActiveCfg = Debug|Any CPU
		{3BD504CC-7BAB-4639-A9E9-15EAA9EECD0C}.Debug|Any CPU.Build.0 = Debug|Any CPU
		{3BD504CC-7BAB-4639-A9E9-15EAA9EECD0C}.Release|Any CPU.ActiveCfg = Release|Any CPU
		{3BD504CC-7BAB-4639-A9E9-15EAA9EECD0C}.Release|Any CPU.Build.0 = Release|Any CPU
		{01BFEF5A-233A-4817-A870-4C498E00C262}.Debug|Any CPU.ActiveCfg = Debug|Any CPU
		{01BFEF5A-233A-4817-A870-4C498E00C262}.Debug|Any CPU.Build.0 = Debug|Any CPU
		{01BFEF5A-233A-4817-A870-4C498E00C262}.Release|Any CPU.ActiveCfg = Release|Any CPU
		{01BFEF5A-233A-4817-A870-4C498E00C262}.Release|Any CPU.Build.0 = Release|Any CPU
		{BD7027AB-6D3F-4179-A7E6-75B63869D33C}.Debug|Any CPU.ActiveCfg = Debug|Any CPU
		{BD7027AB-6D3F-4179-A7E6-75B63869D33C}.Debug|Any CPU.Build.0 = Debug|Any CPU
		{BD7027AB-6D3F-4179-A7E6-75B63869D33C}.Release|Any CPU.ActiveCfg = Release|Any CPU
		{BD7027AB-6D3F-4179-A7E6-75B63869D33C}.Release|Any CPU.Build.0 = Release|Any CPU
		{5173A621-E905-4868-B53E-41E5ACFB90D0}.Debug|Any CPU.ActiveCfg = Debug|Any CPU
		{5173A621-E905-4868-B53E-41E5ACFB90D0}.Debug|Any CPU.Build.0 = Debug|Any CPU
		{5173A621-E905-4868-B53E-41E5ACFB90D0}.Release|Any CPU.ActiveCfg = Release|Any CPU
		{5173A621-E905-4868-B53E-41E5ACFB90D0}.Release|Any CPU.Build.0 = Release|Any CPU
		{CE2C9CE0-0F11-4F69-96E3-2EC6932FDA0E}.Debug|Any CPU.ActiveCfg = Debug|Any CPU
		{CE2C9CE0-0F11-4F69-96E3-2EC6932FDA0E}.Debug|Any CPU.Build.0 = Debug|Any CPU
		{CE2C9CE0-0F11-4F69-96E3-2EC6932FDA0E}.Release|Any CPU.ActiveCfg = Release|Any CPU
		{CE2C9CE0-0F11-4F69-96E3-2EC6932FDA0E}.Release|Any CPU.Build.0 = Release|Any CPU
	EndGlobalSection
	GlobalSection(SolutionProperties) = preSolution
		HideSolutionNode = FALSE
	EndGlobalSection
	GlobalSection(ExtensibilityGlobals) = postSolution
		SolutionGuid = {56CC1E08-0F00-43F3-8861-42AE37CACFA3}
	EndGlobalSection
EndGlobal
