
Microsoft Visual Studio Solution File, Format Version 12.00
# Visual Studio Version 16
VisualStudioVersion = 16.0.29509.3
MinimumVisualStudioVersion = 10.0.40219.1
Project("{9A19103F-16F7-4668-BE54-9A1E7A4F7556}") = "GotifyDesktop", "GotifyDesktop\GotifyDesktop.csproj", "{3BD504CC-7BAB-4639-A9E9-15EAA9EECD0C}"
EndProject
Project("{2150E333-8FDC-42A3-9474-1A3956D46DE8}") = "Solution Items", "Solution Items", "{8B768F97-6B6B-46E0-9447-9DABE61B1253}"
	ProjectSection(SolutionItems) = preProject
		README.md = README.md
	EndProjectSection
EndProject
Project("{9A19103F-16F7-4668-BE54-9A1E7A4F7556}") = "GotifyDesktopUnitTests", "GotifyDesktopUnitTests\GotifyDesktopUnitTests.csproj", "{01BFEF5A-233A-4817-A870-4C498E00C262}"
EndProject
Project("{9A19103F-16F7-4668-BE54-9A1E7A4F7556}") = "gotifySharp", "..\gotifySharp\gotifySharp\gotifySharp.csproj", "{15DAE8CB-2F6F-4467-87CA-445280496967}"
EndProject
Global
	GlobalSection(SolutionConfigurationPlatforms) = preSolution
		Debug|Any CPU = Debug|Any CPU
		Release|Any CPU = Release|Any CPU
	EndGlobalSection
	GlobalSection(ProjectConfigurationPlatforms) = postSolution
		{3BD504CC-7BAB-4639-A9E9-15EAA9EECD0C}.Debug|Any CPU.ActiveCfg = Debug|Any CPU
		{3BD504CC-7BAB-4639-A9E9-15EAA9EECD0C}.Debug|Any CPU.Build.0 = Debug|Any CPU
		{3BD504CC-7BAB-4639-A9E9-15EAA9EECD0C}.Release|Any CPU.ActiveCfg = Release|Any CPU
		{3BD504CC-7BAB-4639-A9E9-15EAA9EECD0C}.Release|Any CPU.Build.0 = Release|Any CPU
		{01BFEF5A-233A-4817-A870-4C498E00C262}.Debug|Any CPU.ActiveCfg = Debug|Any CPU
		{01BFEF5A-233A-4817-A870-4C498E00C262}.Debug|Any CPU.Build.0 = Debug|Any CPU
		{01BFEF5A-233A-4817-A870-4C498E00C262}.Release|Any CPU.ActiveCfg = Release|Any CPU
		{01BFEF5A-233A-4817-A870-4C498E00C262}.Release|Any CPU.Build.0 = Release|Any CPU
		{15DAE8CB-2F6F-4467-87CA-445280496967}.Debug|Any CPU.ActiveCfg = Debug|Any CPU
		{15DAE8CB-2F6F-4467-87CA-445280496967}.Debug|Any CPU.Build.0 = Debug|Any CPU
		{15DAE8CB-2F6F-4467-87CA-445280496967}.Release|Any CPU.ActiveCfg = Release|Any CPU
		{15DAE8CB-2F6F-4467-87CA-445280496967}.Release|Any CPU.Build.0 = Release|Any CPU
	EndGlobalSection
	GlobalSection(SolutionProperties) = preSolution
		HideSolutionNode = FALSE
	EndGlobalSection
	GlobalSection(ExtensibilityGlobals) = postSolution
		SolutionGuid = {56CC1E08-0F00-43F3-8861-42AE37CACFA3}
	EndGlobalSection
EndGlobal
